// !$*UTF8*$!
{
	archiveVersion = 1;
	classes = {
	};
	objectVersion = 50;
	objects = {

/* Begin PBXBuildFile section */
		46FB698A7FF0A3549AF06CB5 /* libPods-ARDicee.a in Frameworks */ = {isa = PBXBuildFile; fileRef = F81F33715CB06F725CB2DF32 /* libPods-ARDicee.a */; };
		BC60F689218E285600BDB2EF /* AppDelegate.swift in Sources */ = {isa = PBXBuildFile; fileRef = BC60F688218E285600BDB2EF /* AppDelegate.swift */; };
		BC60F68B218E285600BDB2EF /* art.scnassets in Resources */ = {isa = PBXBuildFile; fileRef = BC60F68A218E285600BDB2EF /* art.scnassets */; };
		BC60F68D218E285600BDB2EF /* ViewController.swift in Sources */ = {isa = PBXBuildFile; fileRef = BC60F68C218E285600BDB2EF /* ViewController.swift */; };
		BC60F690218E285600BDB2EF /* Main.storyboard in Resources */ = {isa = PBXBuildFile; fileRef = BC60F68E218E285600BDB2EF /* Main.storyboard */; };
		BC60F692218E285900BDB2EF /* Assets.xcassets in Resources */ = {isa = PBXBuildFile; fileRef = BC60F691218E285900BDB2EF /* Assets.xcassets */; };
		BC60F695218E285900BDB2EF /* LaunchScreen.storyboard in Resources */ = {isa = PBXBuildFile; fileRef = BC60F693218E285900BDB2EF /* LaunchScreen.storyboard */; };
/* End PBXBuildFile section */

/* Begin PBXFileReference section */
		2C7F78C281FF69A7D2249765 /* Pods-ARDicee.release.xcconfig */ = {isa = PBXFileReference; includeInIndex = 1; lastKnownFileType = text.xcconfig; name = "Pods-ARDicee.release.xcconfig"; path = "Pods/Target Support Files/Pods-ARDicee/Pods-ARDicee.release.xcconfig"; sourceTree = "<group>"; };
		BC60F685218E285600BDB2EF /* ARDicee.app */ = {isa = PBXFileReference; explicitFileType = wrapper.application; includeInIndex = 0; path = ARDicee.app; sourceTree = BUILT_PRODUCTS_DIR; };
		BC60F688218E285600BDB2EF /* AppDelegate.swift */ = {isa = PBXFileReference; lastKnownFileType = sourcecode.swift; path = AppDelegate.swift; sourceTree = "<group>"; };
		BC60F68A218E285600BDB2EF /* art.scnassets */ = {isa = PBXFileReference; lastKnownFileType = wrapper.scnassets; path = art.scnassets; sourceTree = "<group>"; };
		BC60F68C218E285600BDB2EF /* ViewController.swift */ = {isa = PBXFileReference; lastKnownFileType = sourcecode.swift; path = ViewController.swift; sourceTree = "<group>"; };
		BC60F68F218E285600BDB2EF /* Base */ = {isa = PBXFileReference; lastKnownFileType = file.storyboard; name = Base; path = Base.lproj/Main.storyboard; sourceTree = "<group>"; };
		BC60F691218E285900BDB2EF /* Assets.xcassets */ = {isa = PBXFileReference; lastKnownFileType = folder.assetcatalog; path = Assets.xcassets; sourceTree = "<group>"; };
		BC60F694218E285900BDB2EF /* Base */ = {isa = PBXFileReference; lastKnownFileType = file.storyboard; name = Base; path = Base.lproj/LaunchScreen.storyboard; sourceTree = "<group>"; };
		BC60F696218E285900BDB2EF /* Info.plist */ = {isa = PBXFileReference; lastKnownFileType = text.plist.xml; path = Info.plist; sourceTree = "<group>"; };
		E23AFBC6E1EDE44FA3E6D210 /* Pods-ARDicee.debug.xcconfig */ = {isa = PBXFileReference; includeInIndex = 1; lastKnownFileType = text.xcconfig; name = "Pods-ARDicee.debug.xcconfig"; path = "Pods/Target Support Files/Pods-ARDicee/Pods-ARDicee.debug.xcconfig"; sourceTree = "<group>"; };
		F81F33715CB06F725CB2DF32 /* libPods-ARDicee.a */ = {isa = PBXFileReference; explicitFileType = archive.ar; includeInIndex = 0; path = "libPods-ARDicee.a"; sourceTree = BUILT_PRODUCTS_DIR; };
/* End PBXFileReference section */

/* Begin PBXFrameworksBuildPhase section */
		BC60F682218E285600BDB2EF /* Frameworks */ = {
			isa = PBXFrameworksBuildPhase;
			buildActionMask = 2147483647;
			files = (
				46FB698A7FF0A3549AF06CB5 /* libPods-ARDicee.a in Frameworks */,
			);
			runOnlyForDeploymentPostprocessing = 0;
		};
/* End PBXFrameworksBuildPhase section */

/* Begin PBXGroup section */
		5F8F5167C682B21ED093F8B8 /* Pods */ = {
			isa = PBXGroup;
			children = (
				E23AFBC6E1EDE44FA3E6D210 /* Pods-ARDicee.debug.xcconfig */,
				2C7F78C281FF69A7D2249765 /* Pods-ARDicee.release.xcconfig */,
			);
			name = Pods;
			sourceTree = "<group>";
		};
		992A70163C6C3BE82D15DC67 /* Frameworks */ = {
			isa = PBXGroup;
			children = (
				F81F33715CB06F725CB2DF32 /* libPods-ARDicee.a */,
			);
			name = Frameworks;
			sourceTree = "<group>";
		};
		BC60F67C218E285600BDB2EF = {
			isa = PBXGroup;
			children = (
				BC60F687218E285600BDB2EF /* ARDicee */,
				BC60F686218E285600BDB2EF /* Products */,
				5F8F5167C682B21ED093F8B8 /* Pods */,
				992A70163C6C3BE82D15DC67 /* Frameworks */,
			);
			sourceTree = "<group>";
		};
		BC60F686218E285600BDB2EF /* Products */ = {
			isa = PBXGroup;
			children = (
				BC60F685218E285600BDB2EF /* ARDicee.app */,
			);
			name = Products;
			sourceTree = "<group>";
		};
		BC60F687218E285600BDB2EF /* ARDicee */ = {
			isa = PBXGroup;
			children = (
				BC60F688218E285600BDB2EF /* AppDelegate.swift */,
				BC60F68C218E285600BDB2EF /* ViewController.swift */,
				BC60F68E218E285600BDB2EF /* Main.storyboard */,
				BC60F691218E285900BDB2EF /* Assets.xcassets */,
				BC60F693218E285900BDB2EF /* LaunchScreen.storyboard */,
				BC60F696218E285900BDB2EF /* Info.plist */,
				BC60F68A218E285600BDB2EF /* art.scnassets */,
			);
			path = ARDicee;
			sourceTree = "<group>";
		};
/* End PBXGroup section */

/* Begin PBXNativeTarget section */
		BC60F684218E285600BDB2EF /* ARDicee */ = {
			isa = PBXNativeTarget;
			buildConfigurationList = BC60F699218E285900BDB2EF /* Build configuration list for PBXNativeTarget "ARDicee" */;
			buildPhases = (
				B0B7B975254B09846261AB3A /* [CP] Check Pods Manifest.lock */,
				BC60F681218E285600BDB2EF /* Sources */,
				BC60F682218E285600BDB2EF /* Frameworks */,
				BC60F683218E285600BDB2EF /* Resources */,
			);
			buildRules = (
			);
			dependencies = (
			);
			name = ARDicee;
			productName = ARDicee;
			productReference = BC60F685218E285600BDB2EF /* ARDicee.app */;
			productType = "com.apple.product-type.application";
		};
/* End PBXNativeTarget section */

/* Begin PBXProject section */
		BC60F67D218E285600BDB2EF /* Project object */ = {
			isa = PBXProject;
			attributes = {
				LastSwiftUpdateCheck = 1010;
				LastUpgradeCheck = 1010;
				ORGANIZATIONNAME = "Usman Farooqi";
				TargetAttributes = {
					BC60F684218E285600BDB2EF = {
						CreatedOnToolsVersion = 10.1;
					};
				};
			};
			buildConfigurationList = BC60F680218E285600BDB2EF /* Build configuration list for PBXProject "ARDicee" */;
			compatibilityVersion = "Xcode 9.3";
			developmentRegion = en;
			hasScannedForEncodings = 0;
			knownRegions = (
				en,
				Base,
			);
			mainGroup = BC60F67C218E285600BDB2EF;
			productRefGroup = BC60F686218E285600BDB2EF /* Products */;
			projectDirPath = "";
			projectRoot = "";
			targets = (
				BC60F684218E285600BDB2EF /* ARDicee */,
			);
		};
/* End PBXProject section */

/* Begin PBXResourcesBuildPhase section */
		BC60F683218E285600BDB2EF /* Resources */ = {
			isa = PBXResourcesBuildPhase;
			buildActionMask = 2147483647;
			files = (
				BC60F68B218E285600BDB2EF /* art.scnassets in Resources */,
				BC60F695218E285900BDB2EF /* LaunchScreen.storyboard in Resources */,
				BC60F692218E285900BDB2EF /* Assets.xcassets in Resources */,
				BC60F690218E285600BDB2EF /* Main.storyboard in Resources */,
			);
			runOnlyForDeploymentPostprocessing = 0;
		};
/* End PBXResourcesBuildPhase section */

/* Begin PBXShellScriptBuildPhase section */
		B0B7B975254B09846261AB3A /* [CP] Check Pods Manifest.lock */ = {
			isa = PBXShellScriptBuildPhase;
			buildActionMask = 2147483647;
			files = (
			);
			inputFileListPaths = (
			);
			inputPaths = (
				"${PODS_PODFILE_DIR_PATH}/Podfile.lock",
				"${PODS_ROOT}/Manifest.lock",
			);
			name = "[CP] Check Pods Manifest.lock";
			outputFileListPaths = (
			);
			outputPaths = (
				"$(DERIVED_FILE_DIR)/Pods-ARDicee-checkManifestLockResult.txt",
			);
			runOnlyForDeploymentPostprocessing = 0;
			shellPath = /bin/sh;
			shellScript = "diff \"${PODS_PODFILE_DIR_PATH}/Podfile.lock\" \"${PODS_ROOT}/Manifest.lock\" > /dev/null\nif [ $? != 0 ] ; then\n    # print error to STDERR\n    echo \"error: The sandbox is not in sync with the Podfile.lock. Run 'pod install' or update your CocoaPods installation.\" >&2\n    exit 1\nfi\n# This output is used by Xcode 'outputs' to avoid re-running this script phase.\necho \"SUCCESS\" > \"${SCRIPT_OUTPUT_FILE_0}\"\n";
			showEnvVarsInLog = 0;
		};
/* End PBXShellScriptBuildPhase section */

/* Begin PBXSourcesBuildPhase section */
		BC60F681218E285600BDB2EF /* Sources */ = {
			isa = PBXSourcesBuildPhase;
			buildActionMask = 2147483647;
			files = (
				BC60F68D218E285600BDB2EF /* ViewController.swift in Sources */,
				BC60F689218E285600BDB2EF /* AppDelegate.swift in Sources */,
			);
			runOnlyForDeploymentPostprocessing = 0;
		};
/* End PBXSourcesBuildPhase section */

/* Begin PBXVariantGroup section */
		BC60F68E218E285600BDB2EF /* Main.storyboard */ = {
			isa = PBXVariantGroup;
			children = (
				BC60F68F218E285600BDB2EF /* Base */,
			);
			name = Main.storyboard;
			sourceTree = "<group>";
		};
		BC60F693218E285900BDB2EF /* LaunchScreen.storyboard */ = {
			isa = PBXVariantGroup;
			children = (
				BC60F694218E285900BDB2EF /* Base */,
			);
			name = LaunchScreen.storyboard;
			sourceTree = "<group>";
		};
/* End PBXVariantGroup section */

/* Begin XCBuildConfiguration section */
		BC60F697218E285900BDB2EF /* Debug */ = {
			isa = XCBuildConfiguration;
			buildSettings = {
				ALWAYS_SEARCH_USER_PATHS = NO;
				CLANG_ANALYZER_NONNULL = YES;
				CLANG_ANALYZER_NUMBER_OBJECT_CONVERSION = YES_AGGRESSIVE;
				CLANG_CXX_LANGUAGE_STANDARD = "gnu++14";
				CLANG_CXX_LIBRARY = "libc++";
				CLANG_ENABLE_MODULES = YES;
				CLANG_ENABLE_OBJC_ARC = YES;
				CLANG_ENABLE_OBJC_WEAK = YES;
				CLANG_WARN_BLOCK_CAPTURE_AUTORELEASING = YES;
				CLANG_WARN_BOOL_CONVERSION = YES;
				CLANG_WARN_COMMA = YES;
				CLANG_WARN_CONSTANT_CONVERSION = YES;
				CLANG_WARN_DEPRECATED_OBJC_IMPLEMENTATIONS = YES;
				CLANG_WARN_DIRECT_OBJC_ISA_USAGE = YES_ERROR;
				CLANG_WARN_DOCUMENTATION_COMMENTS = YES;
				CLANG_WARN_EMPTY_BODY = YES;
				CLANG_WARN_ENUM_CONVERSION = YES;
				CLANG_WARN_INFINITE_RECURSION = YES;
				CLANG_WARN_INT_CONVERSION = YES;
				CLANG_WARN_NON_LITERAL_NULL_CONVERSION = YES;
				CLANG_WARN_OBJC_IMPLICIT_RETAIN_SELF = YES;
				CLANG_WARN_OBJC_LITERAL_CONVERSION = YES;
				CLANG_WARN_OBJC_ROOT_CLASS = YES_ERROR;
				CLANG_WARN_RANGE_LOOP_ANALYSIS = YES;
				CLANG_WARN_STRICT_PROTOTYPES = YES;
				CLANG_WARN_SUSPICIOUS_MOVE = YES;
				CLANG_WARN_UNGUARDED_AVAILABILITY = YES_AGGRESSIVE;
				CLANG_WARN_UNREACHABLE_CODE = YES;
				CLANG_WARN__DUPLICATE_METHOD_MATCH = YES;
				CODE_SIGN_IDENTITY = "iPhone Developer";
				COPY_PHASE_STRIP = NO;
				DEBUG_INFORMATION_FORMAT = dwarf;
				ENABLE_STRICT_OBJC_MSGSEND = YES;
				ENABLE_TESTABILITY = YES;
				GCC_C_LANGUAGE_STANDARD = gnu11;
				GCC_DYNAMIC_NO_PIC = NO;
				GCC_NO_COMMON_BLOCKS = YES;
				GCC_OPTIMIZATION_LEVEL = 0;
				GCC_PREPROCESSOR_DEFINITIONS = (
					"DEBUG=1",
					"$(inherited)",
				);
				GCC_WARN_64_TO_32_BIT_CONVERSION = YES;
				GCC_WARN_ABOUT_RETURN_TYPE = YES_ERROR;
				GCC_WARN_UNDECLARED_SELECTOR = YES;
				GCC_WARN_UNINITIALIZED_AUTOS = YES_AGGRESSIVE;
				GCC_WARN_UNUSED_FUNCTION = YES;
				GCC_WARN_UNUSED_VARIABLE = YES;
				IPHONEOS_DEPLOYMENT_TARGET = 12.1;
				MTL_ENABLE_DEBUG_INFO = INCLUDE_SOURCE;
				MTL_FAST_MATH = YES;
				ONLY_ACTIVE_ARCH = YES;
				SDKROOT = iphoneos;
				SWIFT_ACTIVE_COMPILATION_CONDITIONS = DEBUG;
				SWIFT_OPTIMIZATION_LEVEL = "-Onone";
			};
			name = Debug;
		};
		BC60F698218E285900BDB2EF /* Release */ = {
			isa = XCBuildConfiguration;
			buildSettings = {
				ALWAYS_SEARCH_USER_PATHS = NO;
				CLANG_ANALYZER_NONNULL = YES;
				CLANG_ANALYZER_NUMBER_OBJECT_CONVERSION = YES_AGGRESSIVE;
				CLANG_CXX_LANGUAGE_STANDARD = "gnu++14";
				CLANG_CXX_LIBRARY = "libc++";
				CLANG_ENABLE_MODULES = YES;
				CLANG_ENABLE_OBJC_ARC = YES;
				CLANG_ENABLE_OBJC_WEAK = YES;
				CLANG_WARN_BLOCK_CAPTURE_AUTORELEASING = YES;
				CLANG_WARN_BOOL_CONVERSION = YES;
				CLANG_WARN_COMMA = YES;
				CLANG_WARN_CONSTANT_CONVERSION = YES;
				CLANG_WARN_DEPRECATED_OBJC_IMPLEMENTATIONS = YES;
				CLANG_WARN_DIRECT_OBJC_ISA_USAGE = YES_ERROR;
				CLANG_WARN_DOCUMENTATION_COMMENTS = YES;
				CLANG_WARN_EMPTY_BODY = YES;
				CLANG_WARN_ENUM_CONVERSION = YES;
				CLANG_WARN_INFINITE_RECURSION = YES;
				CLANG_WARN_INT_CONVERSION = YES;
				CLANG_WARN_NON_LITERAL_NULL_CONVERSION = YES;
				CLANG_WARN_OBJC_IMPLICIT_RETAIN_SELF = YES;
				CLANG_WARN_OBJC_LITERAL_CONVERSION = YES;
				CLANG_WARN_OBJC_ROOT_CLASS = YES_ERROR;
				CLANG_WARN_RANGE_LOOP_ANALYSIS = YES;
				CLANG_WARN_STRICT_PROTOTYPES = YES;
				CLANG_WARN_SUSPICIOUS_MOVE = YES;
				CLANG_WARN_UNGUARDED_AVAILABILITY = YES_AGGRESSIVE;
				CLANG_WARN_UNREACHABLE_CODE = YES;
				CLANG_WARN__DUPLICATE_METHOD_MATCH = YES;
				CODE_SIGN_IDENTITY = "iPhone Developer";
				COPY_PHASE_STRIP = NO;
				DEBUG_INFORMATION_FORMAT = "dwarf-with-dsym";
				ENABLE_NS_ASSERTIONS = NO;
				ENABLE_STRICT_OBJC_MSGSEND = YES;
				GCC_C_LANGUAGE_STANDARD = gnu11;
				GCC_NO_COMMON_BLOCKS = YES;
				GCC_WARN_64_TO_32_BIT_CONVERSION = YES;
				GCC_WARN_ABOUT_RETURN_TYPE = YES_ERROR;
				GCC_WARN_UNDECLARED_SELECTOR = YES;
				GCC_WARN_UNINITIALIZED_AUTOS = YES_AGGRESSIVE;
				GCC_WARN_UNUSED_FUNCTION = YES;
				GCC_WARN_UNUSED_VARIABLE = YES;
				IPHONEOS_DEPLOYMENT_TARGET = 12.1;
				MTL_ENABLE_DEBUG_INFO = NO;
				MTL_FAST_MATH = YES;
				SDKROOT = iphoneos;
				SWIFT_COMPILATION_MODE = wholemodule;
				SWIFT_OPTIMIZATION_LEVEL = "-O";
				VALIDATE_PRODUCT = YES;
			};
			name = Release;
		};
		BC60F69A218E285900BDB2EF /* Debug */ = {
			isa = XCBuildConfiguration;
			baseConfigurationReference = E23AFBC6E1EDE44FA3E6D210 /* Pods-ARDicee.debug.xcconfig */;
			buildSettings = {
				ASSETCATALOG_COMPILER_APPICON_NAME = AppIcon;
				CODE_SIGN_STYLE = Automatic;
				DEVELOPMENT_TEAM = SW8M5YPJVZ;
				INFOPLIST_FILE = ARDicee/Info.plist;
				IPHONEOS_DEPLOYMENT_TARGET = 11.0;
				LD_RUNPATH_SEARCH_PATHS = (
					"$(inherited)",
					"@executable_path/Frameworks",
				);
				PRODUCT_BUNDLE_IDENTIFIER = "com.us-man.ARDicee";
				PRODUCT_NAME = "$(TARGET_NAME)";
				SWIFT_VERSION = 4.2;
				TARGETED_DEVICE_FAMILY = "1,2";
			};
			name = Debug;
		};
		BC60F69B218E285900BDB2EF /* Release */ = {
			isa = XCBuildConfiguration;
			baseConfigurationReference = 2C7F78C281FF69A7D2249765 /* Pods-ARDicee.release.xcconfig */;
			buildSettings = {
				ASSETCATALOG_COMPILER_APPICON_NAME = AppIcon;
				CODE_SIGN_STYLE = Automatic;
				DEVELOPMENT_TEAM = SW8M5YPJVZ;
				INFOPLIST_FILE = ARDicee/Info.plist;
				IPHONEOS_DEPLOYMENT_TARGET = 11.0;
				LD_RUNPATH_SEARCH_PATHS = (
					"$(inherited)",
					"@executable_path/Frameworks",
				);
				PRODUCT_BUNDLE_IDENTIFIER = "com.us-man.ARDicee";
				PRODUCT_NAME = "$(TARGET_NAME)";
				SWIFT_VERSION = 4.2;
				TARGETED_DEVICE_FAMILY = "1,2";
			};
			name = Release;
		};
/* End XCBuildConfiguration section */

/* Begin XCConfigurationList section */
		BC60F680218E285600BDB2EF /* Build configuration list for PBXProject "ARDicee" */ = {
			isa = XCConfigurationList;
			buildConfigurations = (
				BC60F697218E285900BDB2EF /* Debug */,
				BC60F698218E285900BDB2EF /* Release */,
			);
			defaultConfigurationIsVisible = 0;
			defaultConfigurationName = Release;
		};
		BC60F699218E285900BDB2EF /* Build configuration list for PBXNativeTarget "ARDicee" */ = {
			isa = XCConfigurationList;
			buildConfigurations = (
				BC60F69A218E285900BDB2EF /* Debug */,
				BC60F69B218E285900BDB2EF /* Release */,
			);
			defaultConfigurationIsVisible = 0;
			defaultConfigurationName = Release;
		};
/* End XCConfigurationList section */
	};
	rootObject = BC60F67D218E285600BDB2EF /* Project object */;
}
